# This file was autogenerated by Stack.
# You should not edit this file by hand.
# For more information, please see the documentation at:
#   https://docs.haskellstack.org/en/stable/lock_files

packages:
- completed:
    hackage: threepenny-gui-0.9.4.0@sha256:ad4b4cb57238d097e8b53054d61615bf9c25ab54ad156135db721f795350ba26,9599
    pantry-tree:
      sha256: 69f7ee1b3039cc49c9fb78ee596fd5c963048ba01028a19b6659fc0f0aa3fc08
      size: 4283
  original:
    hackage: threepenny-gui-0.9.4.0
- completed:
    hackage: snap-core-1.0.5.0@sha256:2b7976ee803c2e0d8d87b2d88b2d4a4d62b062ab2a5dd5c78b78130a2fbd260b,10019
    pantry-tree:
      sha256: 4f018a641e60db5f446d66789f7f5cd47025978271d4e35c265538dc9e4d818d
      size: 3377
  original:
    hackage: snap-core-1.0.5.0
- completed:
    hackage: snap-server-1.1.2.0@sha256:82868c7c34a601d323cd281d7ddf9b6831f2b27cb15870970c0a5a79fcb0fa37,15200
    pantry-tree:
      sha256: 552da1018a89fce01e9e71576b4eaa4b44b0536270e55717a353313b661fce4e
      size: 3313
  original:
    hackage: snap-server-1.1.2.0
- completed:
    hackage: websockets-snap-0.10.3.1@sha256:1e52d1b67eaa54e4c5e66e84fc22e9a2ca41bf9930ea2c94b8ec11e4080d3f23,1042
    pantry-tree:
      sha256: 14aa753981ac0c8465d0d18ea84f0b1414d6e7a6232d47958e61b1d04e227f16
      size: 331
  original:
    hackage: websockets-snap-0.10.3.1
- completed:
    hackage: readable-0.3.1@sha256:ea550740bbee9ae46c6bbf1c5e5185818a1d37509b855c640b0a7f2dfba6dc37,1121
    pantry-tree:
      sha256: a93d2c4e208cf064a8b1e8087d7a8ea77c263115e7ba18f3ef6abe935548faca
      size: 313
  original:
    hackage: readable-0.3.1
- completed:
    hackage: containers-0.6.5.1@sha256:a029734132bb3471f8a91e3deaa095581a97410c405a1c665643053db87d87c1,2596
    pantry-tree:
      sha256: 86234e3221f6fa50e82d860a8428005ac3ff19fea92103ff79a3047cd5cd1625
      size: 2823
  original:
    hackage: containers-0.6.5.1
snapshots:
- completed:
    sha256: 4905c93319aa94aa53da8f41d614d7bacdbfe6c63a8c6132d32e6e62f24a9af4
    size: 649315
    url: https://raw.githubusercontent.com/commercialhaskell/stackage-snapshots/master/lts/20/6.yaml
  original:
    url: https://raw.githubusercontent.com/commercialhaskell/stackage-snapshots/master/lts/20/6.yaml
